PODS:
  - AFNetworking (2.5.2):
    - AFNetworking/NSURLConnection (= 2.5.2)
    - AFNetworking/NSURLSession (= 2.5.2)
    - AFNetworking/Reachability (= 2.5.2)
    - AFNetworking/Security (= 2.5.2)
    - AFNetworking/Serialization (= 2.5.2)
    - AFNetworking/UIKit (= 2.5.2)
  - AFNetworking/NSURLConnection (2.5.2):
    - AFNetworking/Reachability
    - AFNetworking/Security
    - AFNetworking/Serialization
  - AFNetworking/NSURLSession (2.5.2):
    - AFNetworking/Reachability
    - AFNetworking/Security
    - AFNetworking/Serialization
  - AFNetworking/Reachability (2.5.2)
  - AFNetworking/Security (2.5.2)
  - AFNetworking/Serialization (2.5.2)
  - AFNetworking/UIKit (2.5.2):
    - AFNetworking/NSURLConnection
    - AFNetworking/NSURLSession
  - CocoaLumberjack (1.9.2):
    - CocoaLumberjack/Extensions (= 1.9.2)
  - CocoaLumberjack/Core (1.9.2)
  - CocoaLumberjack/Extensions (1.9.2):
    - CocoaLumberjack/Core
  - EGODatabase (2.0)
  - IQKeyboardManager (3.0.8)
  - KVOController (1.0.3)
  - MBProgressHUD (0.9.1)
  - OpenUDID (1.0.0)
  - Reachability (3.2)
  - RegexKitLite (4.0)
  - Toast (2.4)

DEPENDENCIES:
  - AFNetworking (~> 2.5.1)
  - CocoaLumberjack (~> 1.9.0)
  - EGODatabase (~> 2.0)
  - IQKeyboardManager (~> 3.0.8)
  - KVOController (~> 1.0.1)
  - MBProgressHUD (~> 0.8)
  - OpenUDID (~> 1.0.0)
  - Reachability (~> 3.2)
  - RegexKitLite (~> 4.0)
  - Toast (~> 2.2)

SPEC CHECKSUMS:
  AFNetworking: fefbce9660acb17f48ae0011292d4da0f457bf36
  CocoaLumberjack: 628fca2e88ef06f7cf6817309aa405f325d9a6fa
  EGODatabase: 8192f4d2bb9f05e38fe8be07a87dcd8066325ee3
  IQKeyboardManager: 99636798d52f410d6fbea9cdbf4deafc43ecc1f6
  KVOController: 9fd8f0343670994e4b6f9f0b31f5a45663f3e1cf
  MBProgressHUD: c47f2c166c126cf2ce36498d80f33e754d4e93ad
  OpenUDID: e7cb6984c7304906ad20f3a36bf087b025896b6b
  Reachability: 33e18b67625424e47b6cde6d202dce689ad7af96
  RegexKitLite: c0e4c12e6e7de0769f3a3ed679f0f61604170661
  Toast: 0773b8fc0e97352ca6054517bec7ebdd4110029d

COCOAPODS: 0.36.0
